
Microsoft Visual Studio Solution File, Format Version 12.00
# Visual Studio Version 16
VisualStudioVersion = 16.0.31702.278
MinimumVisualStudioVersion = 10.0.40219.1
Project("{FAE04EC0-301F-11D3-BF4B-00C04F79EFBC}") = "N01490200_Cumulative1_Winter2022_Mahshad", "N01490200_Cumulative1_Winter2022_Mahshad\N01490200_Cumulative1_Winter2022_Mahshad.csproj", "{D27256FA-8844-4C61-8E03-0AB683C47F55}"
EndProject
Global
	GlobalSection(SolutionConfigurationPlatforms) = preSolution
		Debug|Any CPU = Debug|Any CPU
		Release|Any CPU = Release|Any CPU
	EndGlobalSection
	GlobalSection(ProjectConfigurationPlatforms) = postSolution
		{D27256FA-8844-4C61-8E03-0AB683C47F55}.Debug|Any CPU.ActiveCfg = Debug|Any CPU
		{D27256FA-8844-4C61-8E03-0AB683C47F55}.Debug|Any CPU.Build.0 = Debug|Any CPU
		{D27256FA-8844-4C61-8E03-0AB683C47F55}.Release|Any CPU.ActiveCfg = Release|Any CPU
		{D27256FA-8844-4C61-8E03-0AB683C47F55}.Release|Any CPU.Build.0 = Release|Any CPU
	EndGlobalSection
	GlobalSection(SolutionProperties) = preSolution
		HideSolutionNode = FALSE
	EndGlobalSection
	GlobalSection(ExtensibilityGlobals) = postSolution
		SolutionGuid = {883C1113-85FD-46AB-BA00-30E9E71C9C1B}
	EndGlobalSection
EndGlobal
